// !$*UTF8*$!
{
	archiveVersion = 1;
	classes = {
	};
	objectVersion = 56;
	objects = {

/* Begin PBXBuildFile section */
		89F738062A75E45B00F9068D /* SwiftUIStudyApp.swift in Sources */ = {isa = PBXBuildFile; fileRef = 89F738052A75E45B00F9068D /* SwiftUIStudyApp.swift */; };
		89F738082A75E45B00F9068D /* ComponentsView.swift in Sources */ = {isa = PBXBuildFile; fileRef = 89F738072A75E45B00F9068D /* ComponentsView.swift */; };
		89F7380A2A75E45D00F9068D /* Assets.xcassets in Resources */ = {isa = PBXBuildFile; fileRef = 89F738092A75E45D00F9068D /* Assets.xcassets */; };
		89F7380E2A75E45D00F9068D /* Preview Assets.xcassets in Resources */ = {isa = PBXBuildFile; fileRef = 89F7380D2A75E45D00F9068D /* Preview Assets.xcassets */; };
		89F738182A75E45E00F9068D /* SwiftUIStudyTests.swift in Sources */ = {isa = PBXBuildFile; fileRef = 89F738172A75E45E00F9068D /* SwiftUIStudyTests.swift */; };
		89F738222A75E45E00F9068D /* SwiftUIStudyUITests.swift in Sources */ = {isa = PBXBuildFile; fileRef = 89F738212A75E45E00F9068D /* SwiftUIStudyUITests.swift */; };
		89F738242A75E45E00F9068D /* SwiftUIStudyUITestsLaunchTests.swift in Sources */ = {isa = PBXBuildFile; fileRef = 89F738232A75E45E00F9068D /* SwiftUIStudyUITestsLaunchTests.swift */; };
		89F738322A7622D800F9068D /* Card.swift in Sources */ = {isa = PBXBuildFile; fileRef = 89F738312A7622D800F9068D /* Card.swift */; };
		89F738342A76237A00F9068D /* Timer.swift in Sources */ = {isa = PBXBuildFile; fileRef = 89F738332A76237A00F9068D /* Timer.swift */; };
		89F738382A7623C900F9068D /* Title.swift in Sources */ = {isa = PBXBuildFile; fileRef = 89F738372A7623C900F9068D /* Title.swift */; };
		89F7383A2A771DBC00F9068D /* PropertyWrappersView.swift in Sources */ = {isa = PBXBuildFile; fileRef = 89F738392A771DBC00F9068D /* PropertyWrappersView.swift */; };
		89F7383D2A771F2D00F9068D /* ClampedValue.swift in Sources */ = {isa = PBXBuildFile; fileRef = 89F7383C2A771F2D00F9068D /* ClampedValue.swift */; };
		89F7383F2A772F0F00F9068D /* HeaderView.swift in Sources */ = {isa = PBXBuildFile; fileRef = 89F7383E2A772F0F00F9068D /* HeaderView.swift */; };
		89F738422A77348200F9068D /* ApplicationData.swift in Sources */ = {isa = PBXBuildFile; fileRef = 89F738412A77348200F9068D /* ApplicationData.swift */; };
		89F738462A7735D200F9068D /* Form.swift in Sources */ = {isa = PBXBuildFile; fileRef = 89F738452A7735D200F9068D /* Form.swift */; };
/* End PBXBuildFile section */

/* Begin PBXContainerItemProxy section */
		89F738142A75E45E00F9068D /* PBXContainerItemProxy */ = {
			isa = PBXContainerItemProxy;
			containerPortal = 89F737FA2A75E45B00F9068D /* Project object */;
			proxyType = 1;
			remoteGlobalIDString = 89F738012A75E45B00F9068D;
			remoteInfo = SwiftUIStudy;
		};
		89F7381E2A75E45E00F9068D /* PBXContainerItemProxy */ = {
			isa = PBXContainerItemProxy;
			containerPortal = 89F737FA2A75E45B00F9068D /* Project object */;
			proxyType = 1;
			remoteGlobalIDString = 89F738012A75E45B00F9068D;
			remoteInfo = SwiftUIStudy;
		};
/* End PBXContainerItemProxy section */

/* Begin PBXFileReference section */
		89F738022A75E45B00F9068D /* SwiftUIStudy.app */ = {isa = PBXFileReference; explicitFileType = wrapper.application; includeInIndex = 0; path = SwiftUIStudy.app; sourceTree = BUILT_PRODUCTS_DIR; };
		89F738052A75E45B00F9068D /* SwiftUIStudyApp.swift */ = {isa = PBXFileReference; lastKnownFileType = sourcecode.swift; path = SwiftUIStudyApp.swift; sourceTree = "<group>"; };
		89F738072A75E45B00F9068D /* ComponentsView.swift */ = {isa = PBXFileReference; lastKnownFileType = sourcecode.swift; path = ComponentsView.swift; sourceTree = "<group>"; };
		89F738092A75E45D00F9068D /* Assets.xcassets */ = {isa = PBXFileReference; lastKnownFileType = folder.assetcatalog; path = Assets.xcassets; sourceTree = "<group>"; };
		89F7380B2A75E45D00F9068D /* SwiftUIStudy.entitlements */ = {isa = PBXFileReference; lastKnownFileType = text.plist.entitlements; path = SwiftUIStudy.entitlements; sourceTree = "<group>"; };
		89F7380D2A75E45D00F9068D /* Preview Assets.xcassets */ = {isa = PBXFileReference; lastKnownFileType = folder.assetcatalog; path = "Preview Assets.xcassets"; sourceTree = "<group>"; };
		89F738132A75E45E00F9068D /* SwiftUIStudyTests.xctest */ = {isa = PBXFileReference; explicitFileType = wrapper.cfbundle; includeInIndex = 0; path = SwiftUIStudyTests.xctest; sourceTree = BUILT_PRODUCTS_DIR; };
		89F738172A75E45E00F9068D /* SwiftUIStudyTests.swift */ = {isa = PBXFileReference; lastKnownFileType = sourcecode.swift; path = SwiftUIStudyTests.swift; sourceTree = "<group>"; };
		89F7381D2A75E45E00F9068D /* SwiftUIStudyUITests.xctest */ = {isa = PBXFileReference; explicitFileType = wrapper.cfbundle; includeInIndex = 0; path = SwiftUIStudyUITests.xctest; sourceTree = BUILT_PRODUCTS_DIR; };
		89F738212A75E45E00F9068D /* SwiftUIStudyUITests.swift */ = {isa = PBXFileReference; lastKnownFileType = sourcecode.swift; path = SwiftUIStudyUITests.swift; sourceTree = "<group>"; };
		89F738232A75E45E00F9068D /* SwiftUIStudyUITestsLaunchTests.swift */ = {isa = PBXFileReference; lastKnownFileType = sourcecode.swift; path = SwiftUIStudyUITestsLaunchTests.swift; sourceTree = "<group>"; };
		89F738312A7622D800F9068D /* Card.swift */ = {isa = PBXFileReference; lastKnownFileType = sourcecode.swift; path = Card.swift; sourceTree = "<group>"; };
		89F738332A76237A00F9068D /* Timer.swift */ = {isa = PBXFileReference; lastKnownFileType = sourcecode.swift; path = Timer.swift; sourceTree = "<group>"; };
		89F738372A7623C900F9068D /* Title.swift */ = {isa = PBXFileReference; lastKnownFileType = sourcecode.swift; path = Title.swift; sourceTree = "<group>"; };
		89F738392A771DBC00F9068D /* PropertyWrappersView.swift */ = {isa = PBXFileReference; lastKnownFileType = sourcecode.swift; path = PropertyWrappersView.swift; sourceTree = "<group>"; };
		89F7383C2A771F2D00F9068D /* ClampedValue.swift */ = {isa = PBXFileReference; lastKnownFileType = sourcecode.swift; path = ClampedValue.swift; sourceTree = "<group>"; };
		89F7383E2A772F0F00F9068D /* HeaderView.swift */ = {isa = PBXFileReference; lastKnownFileType = sourcecode.swift; path = HeaderView.swift; sourceTree = "<group>"; };
		89F738412A77348200F9068D /* ApplicationData.swift */ = {isa = PBXFileReference; lastKnownFileType = sourcecode.swift; path = ApplicationData.swift; sourceTree = "<group>"; };
		89F738452A7735D200F9068D /* Form.swift */ = {isa = PBXFileReference; lastKnownFileType = sourcecode.swift; path = Form.swift; sourceTree = "<group>"; };
/* End PBXFileReference section */

/* Begin PBXFrameworksBuildPhase section */
		89F737FF2A75E45B00F9068D /* Frameworks */ = {
			isa = PBXFrameworksBuildPhase;
			buildActionMask = 2147483647;
			files = (
			);
			runOnlyForDeploymentPostprocessing = 0;
		};
		89F738102A75E45E00F9068D /* Frameworks */ = {
			isa = PBXFrameworksBuildPhase;
			buildActionMask = 2147483647;
			files = (
			);
			runOnlyForDeploymentPostprocessing = 0;
		};
		89F7381A2A75E45E00F9068D /* Frameworks */ = {
			isa = PBXFrameworksBuildPhase;
			buildActionMask = 2147483647;
			files = (
			);
			runOnlyForDeploymentPostprocessing = 0;
		};
/* End PBXFrameworksBuildPhase section */

/* Begin PBXGroup section */
		89F737F92A75E45B00F9068D = {
			isa = PBXGroup;
			children = (
				89F738042A75E45B00F9068D /* SwiftUIStudy */,
				89F738162A75E45E00F9068D /* SwiftUIStudyTests */,
				89F738202A75E45E00F9068D /* SwiftUIStudyUITests */,
				89F738032A75E45B00F9068D /* Products */,
			);
			sourceTree = "<group>";
		};
		89F738032A75E45B00F9068D /* Products */ = {
			isa = PBXGroup;
			children = (
				89F738022A75E45B00F9068D /* SwiftUIStudy.app */,
				89F738132A75E45E00F9068D /* SwiftUIStudyTests.xctest */,
				89F7381D2A75E45E00F9068D /* SwiftUIStudyUITests.xctest */,
			);
			name = Products;
			sourceTree = "<group>";
		};
		89F738042A75E45B00F9068D /* SwiftUIStudy */ = {
			isa = PBXGroup;
			children = (
				89F738302A76227C00F9068D /* Components */,
				89F738052A75E45B00F9068D /* SwiftUIStudyApp.swift */,
				89F738092A75E45D00F9068D /* Assets.xcassets */,
				89F7380B2A75E45D00F9068D /* SwiftUIStudy.entitlements */,
				89F7380C2A75E45D00F9068D /* Preview Content */,
			);
			path = SwiftUIStudy;
			sourceTree = "<group>";
		};
		89F7380C2A75E45D00F9068D /* Preview Content */ = {
			isa = PBXGroup;
			children = (
				89F7380D2A75E45D00F9068D /* Preview Assets.xcassets */,
			);
			path = "Preview Content";
			sourceTree = "<group>";
		};
		89F738162A75E45E00F9068D /* SwiftUIStudyTests */ = {
			isa = PBXGroup;
			children = (
				89F738172A75E45E00F9068D /* SwiftUIStudyTests.swift */,
			);
			path = SwiftUIStudyTests;
			sourceTree = "<group>";
		};
		89F738202A75E45E00F9068D /* SwiftUIStudyUITests */ = {
			isa = PBXGroup;
			children = (
				89F738212A75E45E00F9068D /* SwiftUIStudyUITests.swift */,
				89F738232A75E45E00F9068D /* SwiftUIStudyUITestsLaunchTests.swift */,
			);
			path = SwiftUIStudyUITests;
			sourceTree = "<group>";
		};
		89F738302A76227C00F9068D /* Components */ = {
			isa = PBXGroup;
			children = (
				89F738402A77347600F9068D /* Data */,
				89F738362A7623BC00F9068D /* Modifiers */,
				89F738352A7623AF00F9068D /* Views */,
				89F7383B2A771F1700F9068D /* Wrappers */,
				89F738072A75E45B00F9068D /* ComponentsView.swift */,
				89F738392A771DBC00F9068D /* PropertyWrappersView.swift */,
			);
			path = Components;
			sourceTree = "<group>";
		};
		89F738352A7623AF00F9068D /* Views */ = {
			isa = PBXGroup;
			children = (
				89F738312A7622D800F9068D /* Card.swift */,
				89F7383E2A772F0F00F9068D /* HeaderView.swift */,
				89F738332A76237A00F9068D /* Timer.swift */,
				89F738452A7735D200F9068D /* Form.swift */,
			);
			path = Views;
			sourceTree = "<group>";
		};
		89F738362A7623BC00F9068D /* Modifiers */ = {
			isa = PBXGroup;
			children = (
				89F738372A7623C900F9068D /* Title.swift */,
			);
			path = Modifiers;
			sourceTree = "<group>";
		};
		89F7383B2A771F1700F9068D /* Wrappers */ = {
			isa = PBXGroup;
			children = (
				89F7383C2A771F2D00F9068D /* ClampedValue.swift */,
			);
			path = Wrappers;
			sourceTree = "<group>";
		};
		89F738402A77347600F9068D /* Data */ = {
			isa = PBXGroup;
			children = (
				89F738412A77348200F9068D /* ApplicationData.swift */,
			);
			path = Data;
			sourceTree = "<group>";
		};
/* End PBXGroup section */

/* Begin PBXNativeTarget section */
		89F738012A75E45B00F9068D /* SwiftUIStudy */ = {
			isa = PBXNativeTarget;
			buildConfigurationList = 89F738272A75E45E00F9068D /* Build configuration list for PBXNativeTarget "SwiftUIStudy" */;
			buildPhases = (
				89F737FE2A75E45B00F9068D /* Sources */,
				89F737FF2A75E45B00F9068D /* Frameworks */,
				89F738002A75E45B00F9068D /* Resources */,
				89733E322A905C6D0038AAC9 /* Swiftlint */,
			);
			buildRules = (
			);
			dependencies = (
			);
			name = SwiftUIStudy;
			productName = SwiftUIStudy;
			productReference = 89F738022A75E45B00F9068D /* SwiftUIStudy.app */;
			productType = "com.apple.product-type.application";
		};
		89F738122A75E45E00F9068D /* SwiftUIStudyTests */ = {
			isa = PBXNativeTarget;
			buildConfigurationList = 89F7382A2A75E45E00F9068D /* Build configuration list for PBXNativeTarget "SwiftUIStudyTests" */;
			buildPhases = (
				89F7380F2A75E45E00F9068D /* Sources */,
				89F738102A75E45E00F9068D /* Frameworks */,
				89F738112A75E45E00F9068D /* Resources */,
			);
			buildRules = (
			);
			dependencies = (
				89F738152A75E45E00F9068D /* PBXTargetDependency */,
			);
			name = SwiftUIStudyTests;
			productName = SwiftUIStudyTests;
			productReference = 89F738132A75E45E00F9068D /* SwiftUIStudyTests.xctest */;
			productType = "com.apple.product-type.bundle.unit-test";
		};
		89F7381C2A75E45E00F9068D /* SwiftUIStudyUITests */ = {
			isa = PBXNativeTarget;
			buildConfigurationList = 89F7382D2A75E45E00F9068D /* Build configuration list for PBXNativeTarget "SwiftUIStudyUITests" */;
			buildPhases = (
				89F738192A75E45E00F9068D /* Sources */,
				89F7381A2A75E45E00F9068D /* Frameworks */,
				89F7381B2A75E45E00F9068D /* Resources */,
			);
			buildRules = (
			);
			dependencies = (
				89F7381F2A75E45E00F9068D /* PBXTargetDependency */,
			);
			name = SwiftUIStudyUITests;
			productName = SwiftUIStudyUITests;
			productReference = 89F7381D2A75E45E00F9068D /* SwiftUIStudyUITests.xctest */;
			productType = "com.apple.product-type.bundle.ui-testing";
		};
/* End PBXNativeTarget section */

/* Begin PBXProject section */
		89F737FA2A75E45B00F9068D /* Project object */ = {
			isa = PBXProject;
			attributes = {
				BuildIndependentTargetsInParallel = 1;
				LastSwiftUpdateCheck = 1430;
				LastUpgradeCheck = 1430;
				TargetAttributes = {
					89F738012A75E45B00F9068D = {
						CreatedOnToolsVersion = 14.3.1;
					};
					89F738122A75E45E00F9068D = {
						CreatedOnToolsVersion = 14.3.1;
						TestTargetID = 89F738012A75E45B00F9068D;
					};
					89F7381C2A75E45E00F9068D = {
						CreatedOnToolsVersion = 14.3.1;
						TestTargetID = 89F738012A75E45B00F9068D;
					};
				};
			};
			buildConfigurationList = 89F737FD2A75E45B00F9068D /* Build configuration list for PBXProject "SwiftUIStudy" */;
			compatibilityVersion = "Xcode 14.0";
			developmentRegion = en;
			hasScannedForEncodings = 0;
			knownRegions = (
				en,
				Base,
			);
			mainGroup = 89F737F92A75E45B00F9068D;
			productRefGroup = 89F738032A75E45B00F9068D /* Products */;
			projectDirPath = "";
			projectRoot = "";
			targets = (
				89F738012A75E45B00F9068D /* SwiftUIStudy */,
				89F738122A75E45E00F9068D /* SwiftUIStudyTests */,
				89F7381C2A75E45E00F9068D /* SwiftUIStudyUITests */,
			);
		};
/* End PBXProject section */

/* Begin PBXResourcesBuildPhase section */
		89F738002A75E45B00F9068D /* Resources */ = {
			isa = PBXResourcesBuildPhase;
			buildActionMask = 2147483647;
			files = (
				89F7380E2A75E45D00F9068D /* Preview Assets.xcassets in Resources */,
				89F7380A2A75E45D00F9068D /* Assets.xcassets in Resources */,
			);
			runOnlyForDeploymentPostprocessing = 0;
		};
		89F738112A75E45E00F9068D /* Resources */ = {
			isa = PBXResourcesBuildPhase;
			buildActionMask = 2147483647;
			files = (
			);
			runOnlyForDeploymentPostprocessing = 0;
		};
		89F7381B2A75E45E00F9068D /* Resources */ = {
			isa = PBXResourcesBuildPhase;
			buildActionMask = 2147483647;
			files = (
			);
			runOnlyForDeploymentPostprocessing = 0;
		};
/* End PBXResourcesBuildPhase section */

/* Begin PBXShellScriptBuildPhase section */
		89733E322A905C6D0038AAC9 /* Swiftlint */ = {
			isa = PBXShellScriptBuildPhase;
			alwaysOutOfDate = 1;
			buildActionMask = 2147483647;
			files = (
			);
			inputFileListPaths = (
			);
			inputPaths = (
			);
			name = Swiftlint;
			outputFileListPaths = (
			);
			outputPaths = (
			);
			runOnlyForDeploymentPostprocessing = 0;
			shellPath = /bin/sh;
			shellScript = "if [[ \"$(uname -m)\" == arm64 ]]; then\n    export PATH=\"/opt/homebrew/bin:$PATH\"\nfi\n\nif which swiftlint > /dev/null; then\n  swiftlint\nelse\n  echo \"warning: SwiftLint not installed, download from https://github.com/realm/SwiftLint\"\nfi\n";
		};
/* End PBXShellScriptBuildPhase section */

/* Begin PBXSourcesBuildPhase section */
		89F737FE2A75E45B00F9068D /* Sources */ = {
			isa = PBXSourcesBuildPhase;
			buildActionMask = 2147483647;
			files = (
				89F738382A7623C900F9068D /* Title.swift in Sources */,
				89F738082A75E45B00F9068D /* ComponentsView.swift in Sources */,
				89F7383D2A771F2D00F9068D /* ClampedValue.swift in Sources */,
				89F738422A77348200F9068D /* ApplicationData.swift in Sources */,
				89F738322A7622D800F9068D /* Card.swift in Sources */,
				89F738062A75E45B00F9068D /* SwiftUIStudyApp.swift in Sources */,
				89F738342A76237A00F9068D /* Timer.swift in Sources */,
				89F738462A7735D200F9068D /* Form.swift in Sources */,
				89F7383A2A771DBC00F9068D /* PropertyWrappersView.swift in Sources */,
				89F7383F2A772F0F00F9068D /* HeaderView.swift in Sources */,
			);
			runOnlyForDeploymentPostprocessing = 0;
		};
		89F7380F2A75E45E00F9068D /* Sources */ = {
			isa = PBXSourcesBuildPhase;
			buildActionMask = 2147483647;
			files = (
				89F738182A75E45E00F9068D /* SwiftUIStudyTests.swift in Sources */,
			);
			runOnlyForDeploymentPostprocessing = 0;
		};
		89F738192A75E45E00F9068D /* Sources */ = {
			isa = PBXSourcesBuildPhase;
			buildActionMask = 2147483647;
			files = (
				89F738242A75E45E00F9068D /* SwiftUIStudyUITestsLaunchTests.swift in Sources */,
				89F738222A75E45E00F9068D /* SwiftUIStudyUITests.swift in Sources */,
			);
			runOnlyForDeploymentPostprocessing = 0;
		};
/* End PBXSourcesBuildPhase section */

/* Begin PBXTargetDependency section */
		89F738152A75E45E00F9068D /* PBXTargetDependency */ = {
			isa = PBXTargetDependency;
			target = 89F738012A75E45B00F9068D /* SwiftUIStudy */;
			targetProxy = 89F738142A75E45E00F9068D /* PBXContainerItemProxy */;
		};
		89F7381F2A75E45E00F9068D /* PBXTargetDependency */ = {
			isa = PBXTargetDependency;
			target = 89F738012A75E45B00F9068D /* SwiftUIStudy */;
			targetProxy = 89F7381E2A75E45E00F9068D /* PBXContainerItemProxy */;
		};
/* End PBXTargetDependency section */

/* Begin XCBuildConfiguration section */
		89F738252A75E45E00F9068D /* Debug */ = {
			isa = XCBuildConfiguration;
			buildSettings = {
				ALWAYS_SEARCH_USER_PATHS = NO;
				CLANG_ANALYZER_NONNULL = YES;
				CLANG_ANALYZER_NUMBER_OBJECT_CONVERSION = YES_AGGRESSIVE;
				CLANG_CXX_LANGUAGE_STANDARD = "gnu++20";
				CLANG_ENABLE_MODULES = YES;
				CLANG_ENABLE_OBJC_ARC = YES;
				CLANG_ENABLE_OBJC_WEAK = YES;
				CLANG_WARN_BLOCK_CAPTURE_AUTORELEASING = YES;
				CLANG_WARN_BOOL_CONVERSION = YES;
				CLANG_WARN_COMMA = YES;
				CLANG_WARN_CONSTANT_CONVERSION = YES;
				CLANG_WARN_DEPRECATED_OBJC_IMPLEMENTATIONS = YES;
				CLANG_WARN_DIRECT_OBJC_ISA_USAGE = YES_ERROR;
				CLANG_WARN_DOCUMENTATION_COMMENTS = YES;
				CLANG_WARN_EMPTY_BODY = YES;
				CLANG_WARN_ENUM_CONVERSION = YES;
				CLANG_WARN_INFINITE_RECURSION = YES;
				CLANG_WARN_INT_CONVERSION = YES;
				CLANG_WARN_NON_LITERAL_NULL_CONVERSION = YES;
				CLANG_WARN_OBJC_IMPLICIT_RETAIN_SELF = YES;
				CLANG_WARN_OBJC_LITERAL_CONVERSION = YES;
				CLANG_WARN_OBJC_ROOT_CLASS = YES_ERROR;
				CLANG_WARN_QUOTED_INCLUDE_IN_FRAMEWORK_HEADER = YES;
				CLANG_WARN_RANGE_LOOP_ANALYSIS = YES;
				CLANG_WARN_STRICT_PROTOTYPES = YES;
				CLANG_WARN_SUSPICIOUS_MOVE = YES;
				CLANG_WARN_UNGUARDED_AVAILABILITY = YES_AGGRESSIVE;
				CLANG_WARN_UNREACHABLE_CODE = YES;
				CLANG_WARN__DUPLICATE_METHOD_MATCH = YES;
				COPY_PHASE_STRIP = NO;
				DEBUG_INFORMATION_FORMAT = dwarf;
				ENABLE_STRICT_OBJC_MSGSEND = YES;
				ENABLE_TESTABILITY = YES;
				GCC_C_LANGUAGE_STANDARD = gnu11;
				GCC_DYNAMIC_NO_PIC = NO;
				GCC_NO_COMMON_BLOCKS = YES;
				GCC_OPTIMIZATION_LEVEL = 0;
				GCC_PREPROCESSOR_DEFINITIONS = (
					"DEBUG=1",
					"$(inherited)",
				);
				GCC_WARN_64_TO_32_BIT_CONVERSION = YES;
				GCC_WARN_ABOUT_RETURN_TYPE = YES_ERROR;
				GCC_WARN_UNDECLARED_SELECTOR = YES;
				GCC_WARN_UNINITIALIZED_AUTOS = YES_AGGRESSIVE;
				GCC_WARN_UNUSED_FUNCTION = YES;
				GCC_WARN_UNUSED_VARIABLE = YES;
				MTL_ENABLE_DEBUG_INFO = INCLUDE_SOURCE;
				MTL_FAST_MATH = YES;
				ONLY_ACTIVE_ARCH = YES;
				SWIFT_ACTIVE_COMPILATION_CONDITIONS = DEBUG;
				SWIFT_OPTIMIZATION_LEVEL = "-Onone";
			};
			name = Debug;
		};
		89F738262A75E45E00F9068D /* Release */ = {
			isa = XCBuildConfiguration;
			buildSettings = {
				ALWAYS_SEARCH_USER_PATHS = NO;
				CLANG_ANALYZER_NONNULL = YES;
				CLANG_ANALYZER_NUMBER_OBJECT_CONVERSION = YES_AGGRESSIVE;
				CLANG_CXX_LANGUAGE_STANDARD = "gnu++20";
				CLANG_ENABLE_MODULES = YES;
				CLANG_ENABLE_OBJC_ARC = YES;
				CLANG_ENABLE_OBJC_WEAK = YES;
				CLANG_WARN_BLOCK_CAPTURE_AUTORELEASING = YES;
				CLANG_WARN_BOOL_CONVERSION = YES;
				CLANG_WARN_COMMA = YES;
				CLANG_WARN_CONSTANT_CONVERSION = YES;
				CLANG_WARN_DEPRECATED_OBJC_IMPLEMENTATIONS = YES;
				CLANG_WARN_DIRECT_OBJC_ISA_USAGE = YES_ERROR;
				CLANG_WARN_DOCUMENTATION_COMMENTS = YES;
				CLANG_WARN_EMPTY_BODY = YES;
				CLANG_WARN_ENUM_CONVERSION = YES;
				CLANG_WARN_INFINITE_RECURSION = YES;
				CLANG_WARN_INT_CONVERSION = YES;
				CLANG_WARN_NON_LITERAL_NULL_CONVERSION = YES;
				CLANG_WARN_OBJC_IMPLICIT_RETAIN_SELF = YES;
				CLANG_WARN_OBJC_LITERAL_CONVERSION = YES;
				CLANG_WARN_OBJC_ROOT_CLASS = YES_ERROR;
				CLANG_WARN_QUOTED_INCLUDE_IN_FRAMEWORK_HEADER = YES;
				CLANG_WARN_RANGE_LOOP_ANALYSIS = YES;
				CLANG_WARN_STRICT_PROTOTYPES = YES;
				CLANG_WARN_SUSPICIOUS_MOVE = YES;
				CLANG_WARN_UNGUARDED_AVAILABILITY = YES_AGGRESSIVE;
				CLANG_WARN_UNREACHABLE_CODE = YES;
				CLANG_WARN__DUPLICATE_METHOD_MATCH = YES;
				COPY_PHASE_STRIP = NO;
				DEBUG_INFORMATION_FORMAT = "dwarf-with-dsym";
				ENABLE_NS_ASSERTIONS = NO;
				ENABLE_STRICT_OBJC_MSGSEND = YES;
				GCC_C_LANGUAGE_STANDARD = gnu11;
				GCC_NO_COMMON_BLOCKS = YES;
				GCC_WARN_64_TO_32_BIT_CONVERSION = YES;
				GCC_WARN_ABOUT_RETURN_TYPE = YES_ERROR;
				GCC_WARN_UNDECLARED_SELECTOR = YES;
				GCC_WARN_UNINITIALIZED_AUTOS = YES_AGGRESSIVE;
				GCC_WARN_UNUSED_FUNCTION = YES;
				GCC_WARN_UNUSED_VARIABLE = YES;
				MTL_ENABLE_DEBUG_INFO = NO;
				MTL_FAST_MATH = YES;
				SWIFT_COMPILATION_MODE = wholemodule;
				SWIFT_OPTIMIZATION_LEVEL = "-O";
			};
			name = Release;
		};
		89F738282A75E45E00F9068D /* Debug */ = {
			isa = XCBuildConfiguration;
			buildSettings = {
				ASSETCATALOG_COMPILER_APPICON_NAME = AppIcon;
				ASSETCATALOG_COMPILER_GLOBAL_ACCENT_COLOR_NAME = AccentColor;
				CODE_SIGN_ENTITLEMENTS = SwiftUIStudy/SwiftUIStudy.entitlements;
				CODE_SIGN_STYLE = Automatic;
				CURRENT_PROJECT_VERSION = 1;
				DEVELOPMENT_ASSET_PATHS = "\"SwiftUIStudy/Preview Content\"";
				ENABLE_PREVIEWS = YES;
				GENERATE_INFOPLIST_FILE = YES;
				"INFOPLIST_KEY_UIApplicationSceneManifest_Generation[sdk=iphoneos*]" = YES;
				"INFOPLIST_KEY_UIApplicationSceneManifest_Generation[sdk=iphonesimulator*]" = YES;
				"INFOPLIST_KEY_UIApplicationSupportsIndirectInputEvents[sdk=iphoneos*]" = YES;
				"INFOPLIST_KEY_UIApplicationSupportsIndirectInputEvents[sdk=iphonesimulator*]" = YES;
				"INFOPLIST_KEY_UILaunchScreen_Generation[sdk=iphoneos*]" = YES;
				"INFOPLIST_KEY_UILaunchScreen_Generation[sdk=iphonesimulator*]" = YES;
				"INFOPLIST_KEY_UIStatusBarStyle[sdk=iphoneos*]" = UIStatusBarStyleDefault;
				"INFOPLIST_KEY_UIStatusBarStyle[sdk=iphonesimulator*]" = UIStatusBarStyleDefault;
				INFOPLIST_KEY_UISupportedInterfaceOrientations_iPad = "UIInterfaceOrientationPortrait UIInterfaceOrientationPortraitUpsideDown UIInterfaceOrientationLandscapeLeft UIInterfaceOrientationLandscapeRight";
				INFOPLIST_KEY_UISupportedInterfaceOrientations_iPhone = "UIInterfaceOrientationPortrait UIInterfaceOrientationLandscapeLeft UIInterfaceOrientationLandscapeRight";
				IPHONEOS_DEPLOYMENT_TARGET = 16.0;
				LD_RUNPATH_SEARCH_PATHS = "@executable_path/Frameworks";
				"LD_RUNPATH_SEARCH_PATHS[sdk=macosx*]" = "@executable_path/../Frameworks";
				MACOSX_DEPLOYMENT_TARGET = 13.1;
				MARKETING_VERSION = 1.0;
				PRODUCT_BUNDLE_IDENTIFIER = com.example.SwiftUIStudy;
				PRODUCT_NAME = "$(TARGET_NAME)";
				SDKROOT = auto;
				SUPPORTED_PLATFORMS = "iphoneos iphonesimulator macosx";
				SWIFT_EMIT_LOC_STRINGS = YES;
				SWIFT_VERSION = 5.0;
				TARGETED_DEVICE_FAMILY = "1,2";
			};
			name = Debug;
		};
		89F738292A75E45E00F9068D /* Release */ = {
			isa = XCBuildConfiguration;
			buildSettings = {
				ASSETCATALOG_COMPILER_APPICON_NAME = AppIcon;
				ASSETCATALOG_COMPILER_GLOBAL_ACCENT_COLOR_NAME = AccentColor;
				CODE_SIGN_ENTITLEMENTS = SwiftUIStudy/SwiftUIStudy.entitlements;
				CODE_SIGN_STYLE = Automatic;
				CURRENT_PROJECT_VERSION = 1;
				DEVELOPMENT_ASSET_PATHS = "\"SwiftUIStudy/Preview Content\"";
				ENABLE_PREVIEWS = YES;
				GENERATE_INFOPLIST_FILE = YES;
				"INFOPLIST_KEY_UIApplicationSceneManifest_Generation[sdk=iphoneos*]" = YES;
				"INFOPLIST_KEY_UIApplicationSceneManifest_Generation[sdk=iphonesimulator*]" = YES;
				"INFOPLIST_KEY_UIApplicationSupportsIndirectInputEvents[sdk=iphoneos*]" = YES;
				"INFOPLIST_KEY_UIApplicationSupportsIndirectInputEvents[sdk=iphonesimulator*]" = YES;
				"INFOPLIST_KEY_UILaunchScreen_Generation[sdk=iphoneos*]" = YES;
				"INFOPLIST_KEY_UILaunchScreen_Generation[sdk=iphonesimulator*]" = YES;
				"INFOPLIST_KEY_UIStatusBarStyle[sdk=iphoneos*]" = UIStatusBarStyleDefault;
				"INFOPLIST_KEY_UIStatusBarStyle[sdk=iphonesimulator*]" = UIStatusBarStyleDefault;
				INFOPLIST_KEY_UISupportedInterfaceOrientations_iPad = "UIInterfaceOrientationPortrait UIInterfaceOrientationPortraitUpsideDown UIInterfaceOrientationLandscapeLeft UIInterfaceOrientationLandscapeRight";
				INFOPLIST_KEY_UISupportedInterfaceOrientations_iPhone = "UIInterfaceOrientationPortrait UIInterfaceOrientationLandscapeLeft UIInterfaceOrientationLandscapeRight";
				IPHONEOS_DEPLOYMENT_TARGET = 16.0;
				LD_RUNPATH_SEARCH_PATHS = "@executable_path/Frameworks";
				"LD_RUNPATH_SEARCH_PATHS[sdk=macosx*]" = "@executable_path/../Frameworks";
				MACOSX_DEPLOYMENT_TARGET = 13.1;
				MARKETING_VERSION = 1.0;
				PRODUCT_BUNDLE_IDENTIFIER = com.example.SwiftUIStudy;
				PRODUCT_NAME = "$(TARGET_NAME)";
				SDKROOT = auto;
				SUPPORTED_PLATFORMS = "iphoneos iphonesimulator macosx";
				SWIFT_EMIT_LOC_STRINGS = YES;
				SWIFT_VERSION = 5.0;
				TARGETED_DEVICE_FAMILY = "1,2";
			};
			name = Release;
		};
		89F7382B2A75E45E00F9068D /* Debug */ = {
			isa = XCBuildConfiguration;
			buildSettings = {
				ALWAYS_EMBED_SWIFT_STANDARD_LIBRARIES = YES;
				BUNDLE_LOADER = "$(TEST_HOST)";
				CODE_SIGN_STYLE = Automatic;
				CURRENT_PROJECT_VERSION = 1;
				GENERATE_INFOPLIST_FILE = YES;
				IPHONEOS_DEPLOYMENT_TARGET = 16.4;
				MACOSX_DEPLOYMENT_TARGET = 13.1;
				MARKETING_VERSION = 1.0;
				PRODUCT_BUNDLE_IDENTIFIER = com.example.SwiftUIStudyTests;
				PRODUCT_NAME = "$(TARGET_NAME)";
				SDKROOT = auto;
				SUPPORTED_PLATFORMS = "iphoneos iphonesimulator macosx";
				SWIFT_EMIT_LOC_STRINGS = NO;
				SWIFT_VERSION = 5.0;
				TARGETED_DEVICE_FAMILY = "1,2";
				TEST_HOST = "$(BUILT_PRODUCTS_DIR)/SwiftUIStudy.app/$(BUNDLE_EXECUTABLE_FOLDER_PATH)/SwiftUIStudy";
			};
			name = Debug;
		};
		89F7382C2A75E45E00F9068D /* Release */ = {
			isa = XCBuildConfiguration;
			buildSettings = {
				ALWAYS_EMBED_SWIFT_STANDARD_LIBRARIES = YES;
				BUNDLE_LOADER = "$(TEST_HOST)";
				CODE_SIGN_STYLE = Automatic;
				CURRENT_PROJECT_VERSION = 1;
				GENERATE_INFOPLIST_FILE = YES;
				IPHONEOS_DEPLOYMENT_TARGET = 16.4;
				MACOSX_DEPLOYMENT_TARGET = 13.1;
				MARKETING_VERSION = 1.0;
				PRODUCT_BUNDLE_IDENTIFIER = com.example.SwiftUIStudyTests;
				PRODUCT_NAME = "$(TARGET_NAME)";
				SDKROOT = auto;
				SUPPORTED_PLATFORMS = "iphoneos iphonesimulator macosx";
				SWIFT_EMIT_LOC_STRINGS = NO;
				SWIFT_VERSION = 5.0;
				TARGETED_DEVICE_FAMILY = "1,2";
				TEST_HOST = "$(BUILT_PRODUCTS_DIR)/SwiftUIStudy.app/$(BUNDLE_EXECUTABLE_FOLDER_PATH)/SwiftUIStudy";
			};
			name = Release;
		};
		89F7382E2A75E45E00F9068D /* Debug */ = {
			isa = XCBuildConfiguration;
			buildSettings = {
				ALWAYS_EMBED_SWIFT_STANDARD_LIBRARIES = YES;
				CODE_SIGN_STYLE = Automatic;
				CURRENT_PROJECT_VERSION = 1;
				GENERATE_INFOPLIST_FILE = YES;
				IPHONEOS_DEPLOYMENT_TARGET = 16.4;
				MACOSX_DEPLOYMENT_TARGET = 13.1;
				MARKETING_VERSION = 1.0;
				PRODUCT_BUNDLE_IDENTIFIER = com.example.SwiftUIStudyUITests;
				PRODUCT_NAME = "$(TARGET_NAME)";
				SDKROOT = auto;
				SUPPORTED_PLATFORMS = "iphoneos iphonesimulator macosx";
				SWIFT_EMIT_LOC_STRINGS = NO;
				SWIFT_VERSION = 5.0;
				TARGETED_DEVICE_FAMILY = "1,2";
				TEST_TARGET_NAME = SwiftUIStudy;
			};
			name = Debug;
		};
		89F7382F2A75E45E00F9068D /* Release */ = {
			isa = XCBuildConfiguration;
			buildSettings = {
				ALWAYS_EMBED_SWIFT_STANDARD_LIBRARIES = YES;
				CODE_SIGN_STYLE = Automatic;
				CURRENT_PROJECT_VERSION = 1;
				GENERATE_INFOPLIST_FILE = YES;
				IPHONEOS_DEPLOYMENT_TARGET = 16.4;
				MACOSX_DEPLOYMENT_TARGET = 13.1;
				MARKETING_VERSION = 1.0;
				PRODUCT_BUNDLE_IDENTIFIER = com.example.SwiftUIStudyUITests;
				PRODUCT_NAME = "$(TARGET_NAME)";
				SDKROOT = auto;
				SUPPORTED_PLATFORMS = "iphoneos iphonesimulator macosx";
				SWIFT_EMIT_LOC_STRINGS = NO;
				SWIFT_VERSION = 5.0;
				TARGETED_DEVICE_FAMILY = "1,2";
				TEST_TARGET_NAME = SwiftUIStudy;
			};
			name = Release;
		};
/* End XCBuildConfiguration section */

/* Begin XCConfigurationList section */
		89F737FD2A75E45B00F9068D /* Build configuration list for PBXProject "SwiftUIStudy" */ = {
			isa = XCConfigurationList;
			buildConfigurations = (
				89F738252A75E45E00F9068D /* Debug */,
				89F738262A75E45E00F9068D /* Release */,
			);
			defaultConfigurationIsVisible = 0;
			defaultConfigurationName = Release;
		};
		89F738272A75E45E00F9068D /* Build configuration list for PBXNativeTarget "SwiftUIStudy" */ = {
			isa = XCConfigurationList;
			buildConfigurations = (
				89F738282A75E45E00F9068D /* Debug */,
				89F738292A75E45E00F9068D /* Release */,
			);
			defaultConfigurationIsVisible = 0;
			defaultConfigurationName = Release;
		};
		89F7382A2A75E45E00F9068D /* Build configuration list for PBXNativeTarget "SwiftUIStudyTests" */ = {
			isa = XCConfigurationList;
			buildConfigurations = (
				89F7382B2A75E45E00F9068D /* Debug */,
				89F7382C2A75E45E00F9068D /* Release */,
			);
			defaultConfigurationIsVisible = 0;
			defaultConfigurationName = Release;
		};
		89F7382D2A75E45E00F9068D /* Build configuration list for PBXNativeTarget "SwiftUIStudyUITests" */ = {
			isa = XCConfigurationList;
			buildConfigurations = (
				89F7382E2A75E45E00F9068D /* Debug */,
				89F7382F2A75E45E00F9068D /* Release */,
			);
			defaultConfigurationIsVisible = 0;
			defaultConfigurationName = Release;
		};
/* End XCConfigurationList section */
	};
	rootObject = 89F737FA2A75E45B00F9068D /* Project object */;
}
